
Microsoft Visual Studio Solution File, Format Version 12.00
# Visual Studio 15
VisualStudioVersion = 15.0.27703.2035
MinimumVisualStudioVersion = 10.0.40219.1
Project("{FAE04EC0-301F-11D3-BF4B-00C04F79EFBC}") = "HelloWorld", "HelloWorld\HelloWorld.csproj", "{C1729FCB-1330-4E2F-86C6-43B9DA5E0FE2}"
EndProject
Global
	GlobalSection(SolutionConfigurationPlatforms) = preSolution
		Debug|Any CPU = Debug|Any CPU
		Release|Any CPU = Release|Any CPU
	EndGlobalSection
	GlobalSection(ProjectConfigurationPlatforms) = postSolution
		{C1729FCB-1330-4E2F-86C6-43B9DA5E0FE2}.Debug|Any CPU.ActiveCfg = Debug|Any CPU
		{C1729FCB-1330-4E2F-86C6-43B9DA5E0FE2}.Debug|Any CPU.Build.0 = Debug|Any CPU
		{C1729FCB-1330-4E2F-86C6-43B9DA5E0FE2}.Release|Any CPU.ActiveCfg = Release|Any CPU
		{C1729FCB-1330-4E2F-86C6-43B9DA5E0FE2}.Release|Any CPU.Build.0 = Release|Any CPU
	EndGlobalSection
	GlobalSection(SolutionProperties) = preSolution
		HideSolutionNode = FALSE
	EndGlobalSection
	GlobalSection(ExtensibilityGlobals) = postSolution
		SolutionGuid = {12E29F7B-5930-4FEE-9E53-BAAA95A41061}
	EndGlobalSection
EndGlobal
